// !$*UTF8*$!
{
	archiveVersion = 1;
	classes = {
	};
	objectVersion = 56;
	objects = {

/* Begin PBXBuildFile section */
		8FB971212AC525EF00A4D3DE /* poc_integrationApp.swift in Sources */ = {isa = PBXBuildFile; fileRef = 8FB971202AC525EF00A4D3DE /* poc_integrationApp.swift */; };
		8FB971232AC525EF00A4D3DE /* ContentView.swift in Sources */ = {isa = PBXBuildFile; fileRef = 8FB971222AC525EF00A4D3DE /* ContentView.swift */; };
		8FB971252AC525EF00A4D3DE /* Assets.xcassets in Resources */ = {isa = PBXBuildFile; fileRef = 8FB971242AC525EF00A4D3DE /* Assets.xcassets */; };
		8FB971282AC525EF00A4D3DE /* Preview Assets.xcassets in Resources */ = {isa = PBXBuildFile; fileRef = 8FB971272AC525EF00A4D3DE /* Preview Assets.xcassets */; };
		8FC5F25D2AC52A07008C2C6D /* Pods_poc_integration.framework in Frameworks */ = {isa = PBXBuildFile; fileRef = 5D5D76665B8E13BD44A162F6 /* Pods_poc_integration.framework */; };
		8FC5F25E2AC52A07008C2C6D /* Pods_poc_integration.framework in Embed Frameworks */ = {isa = PBXBuildFile; fileRef = 5D5D76665B8E13BD44A162F6 /* Pods_poc_integration.framework */; settings = {ATTRIBUTES = (RemoveHeadersOnCopy, ); }; };
/* End PBXBuildFile section */

/* Begin PBXCopyFilesBuildPhase section */
		8FC5F25F2AC52A07008C2C6D /* Embed Frameworks */ = {
			isa = PBXCopyFilesBuildPhase;
			buildActionMask = 2147483647;
			dstPath = "";
			dstSubfolderSpec = 10;
			files = (
				8FC5F25E2AC52A07008C2C6D /* Pods_poc_integration.framework in Embed Frameworks */,
			);
			name = "Embed Frameworks";
			runOnlyForDeploymentPostprocessing = 0;
		};
/* End PBXCopyFilesBuildPhase section */

/* Begin PBXFileReference section */
		1E613D6E15EE4060BCFF880E /* Pods-poc-integration.release.xcconfig */ = {isa = PBXFileReference; includeInIndex = 1; lastKnownFileType = text.xcconfig; name = "Pods-poc-integration.release.xcconfig"; path = "Target Support Files/Pods-poc-integration/Pods-poc-integration.release.xcconfig"; sourceTree = "<group>"; };
		5D5D76665B8E13BD44A162F6 /* Pods_poc_integration.framework */ = {isa = PBXFileReference; explicitFileType = wrapper.framework; includeInIndex = 0; path = Pods_poc_integration.framework; sourceTree = BUILT_PRODUCTS_DIR; };
		8FB9711D2AC525EF00A4D3DE /* poc-integration.app */ = {isa = PBXFileReference; explicitFileType = wrapper.application; includeInIndex = 0; path = "poc-integration.app"; sourceTree = BUILT_PRODUCTS_DIR; };
		8FB971202AC525EF00A4D3DE /* poc_integrationApp.swift */ = {isa = PBXFileReference; lastKnownFileType = sourcecode.swift; path = poc_integrationApp.swift; sourceTree = "<group>"; };
		8FB971222AC525EF00A4D3DE /* ContentView.swift */ = {isa = PBXFileReference; lastKnownFileType = sourcecode.swift; path = ContentView.swift; sourceTree = "<group>"; };
		8FB971242AC525EF00A4D3DE /* Assets.xcassets */ = {isa = PBXFileReference; lastKnownFileType = folder.assetcatalog; path = Assets.xcassets; sourceTree = "<group>"; };
		8FB971272AC525EF00A4D3DE /* Preview Assets.xcassets */ = {isa = PBXFileReference; lastKnownFileType = folder.assetcatalog; path = "Preview Assets.xcassets"; sourceTree = "<group>"; };
		AE6EF8C027867D8678E1F7C2 /* Pods-poc-integration.debug.xcconfig */ = {isa = PBXFileReference; includeInIndex = 1; lastKnownFileType = text.xcconfig; name = "Pods-poc-integration.debug.xcconfig"; path = "Target Support Files/Pods-poc-integration/Pods-poc-integration.debug.xcconfig"; sourceTree = "<group>"; };
/* End PBXFileReference section */

/* Begin PBXFrameworksBuildPhase section */
		8FB9711A2AC525EE00A4D3DE /* Frameworks */ = {
			isa = PBXFrameworksBuildPhase;
			buildActionMask = 2147483647;
			files = (
				8FC5F25D2AC52A07008C2C6D /* Pods_poc_integration.framework in Frameworks */,
			);
			runOnlyForDeploymentPostprocessing = 0;
		};
/* End PBXFrameworksBuildPhase section */

/* Begin PBXGroup section */
		0CF4A1EC5E69278F7E9BFB7B /* Pods */ = {
			isa = PBXGroup;
			children = (
				AE6EF8C027867D8678E1F7C2 /* Pods-poc-integration.debug.xcconfig */,
				1E613D6E15EE4060BCFF880E /* Pods-poc-integration.release.xcconfig */,
			);
			path = Pods;
			sourceTree = "<group>";
		};
		0D9DACA9ECA64DF1D7D95631 /* Frameworks */ = {
			isa = PBXGroup;
			children = (
				5D5D76665B8E13BD44A162F6 /* Pods_poc_integration.framework */,
			);
			name = Frameworks;
			sourceTree = "<group>";
		};
		8FB971142AC525EE00A4D3DE = {
			isa = PBXGroup;
			children = (
				8FB9711F2AC525EF00A4D3DE /* poc-integration */,
				8FB9711E2AC525EF00A4D3DE /* Products */,
				0CF4A1EC5E69278F7E9BFB7B /* Pods */,
				0D9DACA9ECA64DF1D7D95631 /* Frameworks */,
			);
			sourceTree = "<group>";
		};
		8FB9711E2AC525EF00A4D3DE /* Products */ = {
			isa = PBXGroup;
			children = (
				8FB9711D2AC525EF00A4D3DE /* poc-integration.app */,
			);
			name = Products;
			sourceTree = "<group>";
		};
		8FB9711F2AC525EF00A4D3DE /* poc-integration */ = {
			isa = PBXGroup;
			children = (
				8FB971202AC525EF00A4D3DE /* poc_integrationApp.swift */,
				8FB971222AC525EF00A4D3DE /* ContentView.swift */,
				8FB971242AC525EF00A4D3DE /* Assets.xcassets */,
				8FB971262AC525EF00A4D3DE /* Preview Content */,
			);
			path = "poc-integration";
			sourceTree = "<group>";
		};
		8FB971262AC525EF00A4D3DE /* Preview Content */ = {
			isa = PBXGroup;
			children = (
				8FB971272AC525EF00A4D3DE /* Preview Assets.xcassets */,
			);
			path = "Preview Content";
			sourceTree = "<group>";
		};
/* End PBXGroup section */

/* Begin PBXNativeTarget section */
		8FB9711C2AC525EE00A4D3DE /* poc-integration */ = {
			isa = PBXNativeTarget;
			buildConfigurationList = 8FB9712B2AC525EF00A4D3DE /* Build configuration list for PBXNativeTarget "poc-integration" */;
			buildPhases = (
				5151D5118A8E076BBBB2B251 /* [CP] Check Pods Manifest.lock */,
				F454E1291231C8CE0CBF3FD8 /* [CP-User] Run Flutter Build home Script */,
				8FB971192AC525EE00A4D3DE /* Sources */,
				8FB9711A2AC525EE00A4D3DE /* Frameworks */,
				8FB9711B2AC525EE00A4D3DE /* Resources */,
				F78F7BE233CCF5CDF4E76216 /* [CP-User] Embed Flutter Build home Script */,
				8FC5F25F2AC52A07008C2C6D /* Embed Frameworks */,
			);
			buildRules = (
			);
			dependencies = (
			);
			name = "poc-integration";
			productName = "poc-integration";
			productReference = 8FB9711D2AC525EF00A4D3DE /* poc-integration.app */;
			productType = "com.apple.product-type.application";
		};
/* End PBXNativeTarget section */

/* Begin PBXProject section */
		8FB971152AC525EE00A4D3DE /* Project object */ = {
			isa = PBXProject;
			attributes = {
				BuildIndependentTargetsInParallel = 1;
				LastSwiftUpdateCheck = 1430;
				LastUpgradeCheck = 1430;
				TargetAttributes = {
					8FB9711C2AC525EE00A4D3DE = {
						CreatedOnToolsVersion = 14.3.1;
					};
				};
			};
			buildConfigurationList = 8FB971182AC525EE00A4D3DE /* Build configuration list for PBXProject "poc-integration" */;
			compatibilityVersion = "Xcode 14.0";
			developmentRegion = en;
			hasScannedForEncodings = 0;
			knownRegions = (
				en,
				Base,
			);
			mainGroup = 8FB971142AC525EE00A4D3DE;
			productRefGroup = 8FB9711E2AC525EF00A4D3DE /* Products */;
			projectDirPath = "";
			projectRoot = "";
			targets = (
				8FB9711C2AC525EE00A4D3DE /* poc-integration */,
			);
		};
/* End PBXProject section */

/* Begin PBXResourcesBuildPhase section */
		8FB9711B2AC525EE00A4D3DE /* Resources */ = {
			isa = PBXResourcesBuildPhase;
			buildActionMask = 2147483647;
			files = (
				8FB971282AC525EF00A4D3DE /* Preview Assets.xcassets in Resources */,
				8FB971252AC525EF00A4D3DE /* Assets.xcassets in Resources */,
			);
			runOnlyForDeploymentPostprocessing = 0;
		};
/* End PBXResourcesBuildPhase section */

/* Begin PBXShellScriptBuildPhase section */
		5151D5118A8E076BBBB2B251 /* [CP] Check Pods Manifest.lock */ = {
			isa = PBXShellScriptBuildPhase;
			buildActionMask = 2147483647;
			files = (
			);
			inputFileListPaths = (
			);
			inputPaths = (
				"${PODS_PODFILE_DIR_PATH}/Podfile.lock",
				"${PODS_ROOT}/Manifest.lock",
			);
			name = "[CP] Check Pods Manifest.lock";
			outputFileListPaths = (
			);
			outputPaths = (
				"$(DERIVED_FILE_DIR)/Pods-poc-integration-checkManifestLockResult.txt",
			);
			runOnlyForDeploymentPostprocessing = 0;
			shellPath = /bin/sh;
			shellScript = "diff \"${PODS_PODFILE_DIR_PATH}/Podfile.lock\" \"${PODS_ROOT}/Manifest.lock\" > /dev/null\nif [ $? != 0 ] ; then\n    # print error to STDERR\n    echo \"error: The sandbox is not in sync with the Podfile.lock. Run 'pod install' or update your CocoaPods installation.\" >&2\n    exit 1\nfi\n# This output is used by Xcode 'outputs' to avoid re-running this script phase.\necho \"SUCCESS\" > \"${SCRIPT_OUTPUT_FILE_0}\"\n";
			showEnvVarsInLog = 0;
		};
		F454E1291231C8CE0CBF3FD8 /* [CP-User] Run Flutter Build home Script */ = {
			isa = PBXShellScriptBuildPhase;
			buildActionMask = 2147483647;
			files = (
			);
			name = "[CP-User] Run Flutter Build home Script";
			runOnlyForDeploymentPostprocessing = 0;
			shellPath = /bin/sh;
			shellScript = "set -e\nset -u\nsource \"${SRCROOT}/../home/.ios/Flutter/flutter_export_environment.sh\"\nexport VERBOSE_SCRIPT_LOGGING=1 && \"$FLUTTER_ROOT\"/packages/flutter_tools/bin/xcode_backend.sh build";
		};
		F78F7BE233CCF5CDF4E76216 /* [CP-User] Embed Flutter Build home Script */ = {
			isa = PBXShellScriptBuildPhase;
			buildActionMask = 2147483647;
			files = (
			);
			name = "[CP-User] Embed Flutter Build home Script";
			runOnlyForDeploymentPostprocessing = 0;
			shellPath = /bin/sh;
			shellScript = "set -e\nset -u\nsource \"${SRCROOT}/../home/.ios/Flutter/flutter_export_environment.sh\"\nexport VERBOSE_SCRIPT_LOGGING=1 && \"$FLUTTER_ROOT\"/packages/flutter_tools/bin/xcode_backend.sh embed_and_thin";
		};
/* End PBXShellScriptBuildPhase section */

/* Begin PBXSourcesBuildPhase section */
		8FB971192AC525EE00A4D3DE /* Sources */ = {
			isa = PBXSourcesBuildPhase;
			buildActionMask = 2147483647;
			files = (
				8FB971232AC525EF00A4D3DE /* ContentView.swift in Sources */,
				8FB971212AC525EF00A4D3DE /* poc_integrationApp.swift in Sources */,
			);
			runOnlyForDeploymentPostprocessing = 0;
		};
/* End PBXSourcesBuildPhase section */

/* Begin XCBuildConfiguration section */
		8FB971292AC525EF00A4D3DE /* Debug */ = {
			isa = XCBuildConfiguration;
			buildSettings = {
				ALWAYS_SEARCH_USER_PATHS = NO;
				CLANG_ANALYZER_NONNULL = YES;
				CLANG_ANALYZER_NUMBER_OBJECT_CONVERSION = YES_AGGRESSIVE;
				CLANG_CXX_LANGUAGE_STANDARD = "gnu++20";
				CLANG_ENABLE_MODULES = YES;
				CLANG_ENABLE_OBJC_ARC = YES;
				CLANG_ENABLE_OBJC_WEAK = YES;
				CLANG_WARN_BLOCK_CAPTURE_AUTORELEASING = YES;
				CLANG_WARN_BOOL_CONVERSION = YES;
				CLANG_WARN_COMMA = YES;
				CLANG_WARN_CONSTANT_CONVERSION = YES;
				CLANG_WARN_DEPRECATED_OBJC_IMPLEMENTATIONS = YES;
				CLANG_WARN_DIRECT_OBJC_ISA_USAGE = YES_ERROR;
				CLANG_WARN_DOCUMENTATION_COMMENTS = YES;
				CLANG_WARN_EMPTY_BODY = YES;
				CLANG_WARN_ENUM_CONVERSION = YES;
				CLANG_WARN_INFINITE_RECURSION = YES;
				CLANG_WARN_INT_CONVERSION = YES;
				CLANG_WARN_NON_LITERAL_NULL_CONVERSION = YES;
				CLANG_WARN_OBJC_IMPLICIT_RETAIN_SELF = YES;
				CLANG_WARN_OBJC_LITERAL_CONVERSION = YES;
				CLANG_WARN_OBJC_ROOT_CLASS = YES_ERROR;
				CLANG_WARN_QUOTED_INCLUDE_IN_FRAMEWORK_HEADER = YES;
				CLANG_WARN_RANGE_LOOP_ANALYSIS = YES;
				CLANG_WARN_STRICT_PROTOTYPES = YES;
				CLANG_WARN_SUSPICIOUS_MOVE = YES;
				CLANG_WARN_UNGUARDED_AVAILABILITY = YES_AGGRESSIVE;
				CLANG_WARN_UNREACHABLE_CODE = YES;
				CLANG_WARN__DUPLICATE_METHOD_MATCH = YES;
				COPY_PHASE_STRIP = NO;
				DEBUG_INFORMATION_FORMAT = dwarf;
				ENABLE_STRICT_OBJC_MSGSEND = YES;
				ENABLE_TESTABILITY = YES;
				GCC_C_LANGUAGE_STANDARD = gnu11;
				GCC_DYNAMIC_NO_PIC = NO;
				GCC_NO_COMMON_BLOCKS = YES;
				GCC_OPTIMIZATION_LEVEL = 0;
				GCC_PREPROCESSOR_DEFINITIONS = (
					"DEBUG=1",
					"$(inherited)",
				);
				GCC_WARN_64_TO_32_BIT_CONVERSION = YES;
				GCC_WARN_ABOUT_RETURN_TYPE = YES_ERROR;
				GCC_WARN_UNDECLARED_SELECTOR = YES;
				GCC_WARN_UNINITIALIZED_AUTOS = YES_AGGRESSIVE;
				GCC_WARN_UNUSED_FUNCTION = YES;
				GCC_WARN_UNUSED_VARIABLE = YES;
				IPHONEOS_DEPLOYMENT_TARGET = 16.4;
				MTL_ENABLE_DEBUG_INFO = INCLUDE_SOURCE;
				MTL_FAST_MATH = YES;
				ONLY_ACTIVE_ARCH = YES;
				SDKROOT = iphoneos;
				SWIFT_ACTIVE_COMPILATION_CONDITIONS = DEBUG;
				SWIFT_OPTIMIZATION_LEVEL = "-Onone";
			};
			name = Debug;
		};
		8FB9712A2AC525EF00A4D3DE /* Release */ = {
			isa = XCBuildConfiguration;
			buildSettings = {
				ALWAYS_SEARCH_USER_PATHS = NO;
				CLANG_ANALYZER_NONNULL = YES;
				CLANG_ANALYZER_NUMBER_OBJECT_CONVERSION = YES_AGGRESSIVE;
				CLANG_CXX_LANGUAGE_STANDARD = "gnu++20";
				CLANG_ENABLE_MODULES = YES;
				CLANG_ENABLE_OBJC_ARC = YES;
				CLANG_ENABLE_OBJC_WEAK = YES;
				CLANG_WARN_BLOCK_CAPTURE_AUTORELEASING = YES;
				CLANG_WARN_BOOL_CONVERSION = YES;
				CLANG_WARN_COMMA = YES;
				CLANG_WARN_CONSTANT_CONVERSION = YES;
				CLANG_WARN_DEPRECATED_OBJC_IMPLEMENTATIONS = YES;
				CLANG_WARN_DIRECT_OBJC_ISA_USAGE = YES_ERROR;
				CLANG_WARN_DOCUMENTATION_COMMENTS = YES;
				CLANG_WARN_EMPTY_BODY = YES;
				CLANG_WARN_ENUM_CONVERSION = YES;
				CLANG_WARN_INFINITE_RECURSION = YES;
				CLANG_WARN_INT_CONVERSION = YES;
				CLANG_WARN_NON_LITERAL_NULL_CONVERSION = YES;
				CLANG_WARN_OBJC_IMPLICIT_RETAIN_SELF = YES;
				CLANG_WARN_OBJC_LITERAL_CONVERSION = YES;
				CLANG_WARN_OBJC_ROOT_CLASS = YES_ERROR;
				CLANG_WARN_QUOTED_INCLUDE_IN_FRAMEWORK_HEADER = YES;
				CLANG_WARN_RANGE_LOOP_ANALYSIS = YES;
				CLANG_WARN_STRICT_PROTOTYPES = YES;
				CLANG_WARN_SUSPICIOUS_MOVE = YES;
				CLANG_WARN_UNGUARDED_AVAILABILITY = YES_AGGRESSIVE;
				CLANG_WARN_UNREACHABLE_CODE = YES;
				CLANG_WARN__DUPLICATE_METHOD_MATCH = YES;
				COPY_PHASE_STRIP = NO;
				DEBUG_INFORMATION_FORMAT = "dwarf-with-dsym";
				ENABLE_NS_ASSERTIONS = NO;
				ENABLE_STRICT_OBJC_MSGSEND = YES;
				GCC_C_LANGUAGE_STANDARD = gnu11;
				GCC_NO_COMMON_BLOCKS = YES;
				GCC_WARN_64_TO_32_BIT_CONVERSION = YES;
				GCC_WARN_ABOUT_RETURN_TYPE = YES_ERROR;
				GCC_WARN_UNDECLARED_SELECTOR = YES;
				GCC_WARN_UNINITIALIZED_AUTOS = YES_AGGRESSIVE;
				GCC_WARN_UNUSED_FUNCTION = YES;
				GCC_WARN_UNUSED_VARIABLE = YES;
				IPHONEOS_DEPLOYMENT_TARGET = 16.4;
				MTL_ENABLE_DEBUG_INFO = NO;
				MTL_FAST_MATH = YES;
				SDKROOT = iphoneos;
				SWIFT_COMPILATION_MODE = wholemodule;
				SWIFT_OPTIMIZATION_LEVEL = "-O";
				VALIDATE_PRODUCT = YES;
			};
			name = Release;
		};
		8FB9712C2AC525EF00A4D3DE /* Debug */ = {
			isa = XCBuildConfiguration;
			baseConfigurationReference = AE6EF8C027867D8678E1F7C2 /* Pods-poc-integration.debug.xcconfig */;
			buildSettings = {
				ASSETCATALOG_COMPILER_APPICON_NAME = AppIcon;
				ASSETCATALOG_COMPILER_GLOBAL_ACCENT_COLOR_NAME = AccentColor;
				CODE_SIGN_STYLE = Automatic;
				CURRENT_PROJECT_VERSION = 1;
				DEVELOPMENT_ASSET_PATHS = "\"poc-integration/Preview Content\"";
				DEVELOPMENT_TEAM = BCVS5V334P;
				ENABLE_PREVIEWS = YES;
				GENERATE_INFOPLIST_FILE = YES;
				INFOPLIST_KEY_UIApplicationSceneManifest_Generation = YES;
				INFOPLIST_KEY_UIApplicationSupportsIndirectInputEvents = YES;
				INFOPLIST_KEY_UILaunchScreen_Generation = YES;
				INFOPLIST_KEY_UISupportedInterfaceOrientations = UIInterfaceOrientationPortrait;
				LD_RUNPATH_SEARCH_PATHS = (
					"$(inherited)",
					"@executable_path/Frameworks",
				);
				MARKETING_VERSION = 1.0;
				PRODUCT_BUNDLE_IDENTIFIER = "br.com.fzsapps.poc-integration";
				PRODUCT_NAME = "$(TARGET_NAME)";
				SWIFT_EMIT_LOC_STRINGS = YES;
				SWIFT_VERSION = 5.0;
				TARGETED_DEVICE_FAMILY = "1,2";
			};
			name = Debug;
		};
		8FB9712D2AC525EF00A4D3DE /* Release */ = {
			isa = XCBuildConfiguration;
			baseConfigurationReference = 1E613D6E15EE4060BCFF880E /* Pods-poc-integration.release.xcconfig */;
			buildSettings = {
				ASSETCATALOG_COMPILER_APPICON_NAME = AppIcon;
				ASSETCATALOG_COMPILER_GLOBAL_ACCENT_COLOR_NAME = AccentColor;
				CODE_SIGN_STYLE = Automatic;
				CURRENT_PROJECT_VERSION = 1;
				DEVELOPMENT_ASSET_PATHS = "\"poc-integration/Preview Content\"";
				DEVELOPMENT_TEAM = BCVS5V334P;
				ENABLE_PREVIEWS = YES;
				GENERATE_INFOPLIST_FILE = YES;
				INFOPLIST_KEY_UIApplicationSceneManifest_Generation = YES;
				INFOPLIST_KEY_UIApplicationSupportsIndirectInputEvents = YES;
				INFOPLIST_KEY_UILaunchScreen_Generation = YES;
				INFOPLIST_KEY_UISupportedInterfaceOrientations = UIInterfaceOrientationPortrait;
				LD_RUNPATH_SEARCH_PATHS = (
					"$(inherited)",
					"@executable_path/Frameworks",
				);
				MARKETING_VERSION = 1.0;
				PRODUCT_BUNDLE_IDENTIFIER = "br.com.fzsapps.poc-integration";
				PRODUCT_NAME = "$(TARGET_NAME)";
				SWIFT_EMIT_LOC_STRINGS = YES;
				SWIFT_VERSION = 5.0;
				TARGETED_DEVICE_FAMILY = "1,2";
			};
			name = Release;
		};
/* End XCBuildConfiguration section */

/* Begin XCConfigurationList section */
		8FB971182AC525EE00A4D3DE /* Build configuration list for PBXProject "poc-integration" */ = {
			isa = XCConfigurationList;
			buildConfigurations = (
				8FB971292AC525EF00A4D3DE /* Debug */,
				8FB9712A2AC525EF00A4D3DE /* Release */,
			);
			defaultConfigurationIsVisible = 0;
			defaultConfigurationName = Release;
		};
		8FB9712B2AC525EF00A4D3DE /* Build configuration list for PBXNativeTarget "poc-integration" */ = {
			isa = XCConfigurationList;
			buildConfigurations = (
				8FB9712C2AC525EF00A4D3DE /* Debug */,
				8FB9712D2AC525EF00A4D3DE /* Release */,
			);
			defaultConfigurationIsVisible = 0;
			defaultConfigurationName = Release;
		};
/* End XCConfigurationList section */
	};
	rootObject = 8FB971152AC525EE00A4D3DE /* Project object */;
}
